// !$*UTF8*$!
{
	archiveVersion = 1;
	classes = {
	};
	objectVersion = 56;
	objects = {

/* Begin PBXBuildFile section */
		524DC59A29A2432E0063F08F /* CollectionViewTableViewCell.swift in Sources */ = {isa = PBXBuildFile; fileRef = 524DC59929A2432E0063F08F /* CollectionViewTableViewCell.swift */; };
		524DC59C29A24D330063F08F /* HeroHeaderUIView.swift in Sources */ = {isa = PBXBuildFile; fileRef = 524DC59B29A24D330063F08F /* HeroHeaderUIView.swift */; };
		524DC5D129A3E9530063F08F /* APICaller.swift in Sources */ = {isa = PBXBuildFile; fileRef = 524DC5D029A3E9530063F08F /* APICaller.swift */; };
		524DC5D429A3E9700063F08F /* Constant.swift in Sources */ = {isa = PBXBuildFile; fileRef = 524DC5D329A3E9700063F08F /* Constant.swift */; };
		524DC5D629A3ED5F0063F08F /* Title.swift in Sources */ = {isa = PBXBuildFile; fileRef = 524DC5D529A3ED5F0063F08F /* Title.swift */; };
		524DC5D829A616520063F08F /* Extensions.swift in Sources */ = {isa = PBXBuildFile; fileRef = 524DC5D729A616520063F08F /* Extensions.swift */; };
		524DC5DC29A629BA0063F08F /* TitleCollectionViewCell.swift in Sources */ = {isa = PBXBuildFile; fileRef = 524DC5DB29A629BA0063F08F /* TitleCollectionViewCell.swift */; };
		524DC5DF29A62CA70063F08F /* SDWebImage in Frameworks */ = {isa = PBXBuildFile; productRef = 524DC5DE29A62CA70063F08F /* SDWebImage */; };
		524DC5E129A62CA70063F08F /* SDWebImageMapKit in Frameworks */ = {isa = PBXBuildFile; productRef = 524DC5E029A62CA70063F08F /* SDWebImageMapKit */; };
		5288197529A19AF0006319E7 /* AppDelegate.swift in Sources */ = {isa = PBXBuildFile; fileRef = 5288197429A19AF0006319E7 /* AppDelegate.swift */; };
		5288197729A19AF0006319E7 /* SceneDelegate.swift in Sources */ = {isa = PBXBuildFile; fileRef = 5288197629A19AF0006319E7 /* SceneDelegate.swift */; };
		5288197929A19AF0006319E7 /* MainTapbarViewController.swift in Sources */ = {isa = PBXBuildFile; fileRef = 5288197829A19AF0006319E7 /* MainTapbarViewController.swift */; };
		5288197E29A19AF1006319E7 /* Assets.xcassets in Resources */ = {isa = PBXBuildFile; fileRef = 5288197D29A19AF1006319E7 /* Assets.xcassets */; };
		5288198129A19AF1006319E7 /* LaunchScreen.storyboard in Resources */ = {isa = PBXBuildFile; fileRef = 5288197F29A19AF1006319E7 /* LaunchScreen.storyboard */; };
		5288198A29A1A036006319E7 /* HomeViewController.swift in Sources */ = {isa = PBXBuildFile; fileRef = 5288198929A1A036006319E7 /* HomeViewController.swift */; };
		5288198C29A1A058006319E7 /* UpcomingViewController.swift in Sources */ = {isa = PBXBuildFile; fileRef = 5288198B29A1A058006319E7 /* UpcomingViewController.swift */; };
		5288198E29A1A06E006319E7 /* SearchViewController.swift in Sources */ = {isa = PBXBuildFile; fileRef = 5288198D29A1A06E006319E7 /* SearchViewController.swift */; };
		5288199029A1A092006319E7 /* DownloadsViewController.swift in Sources */ = {isa = PBXBuildFile; fileRef = 5288198F29A1A092006319E7 /* DownloadsViewController.swift */; };
/* End PBXBuildFile section */

/* Begin PBXFileReference section */
		524DC59929A2432E0063F08F /* CollectionViewTableViewCell.swift */ = {isa = PBXFileReference; lastKnownFileType = sourcecode.swift; path = CollectionViewTableViewCell.swift; sourceTree = "<group>"; };
		524DC59B29A24D330063F08F /* HeroHeaderUIView.swift */ = {isa = PBXFileReference; lastKnownFileType = sourcecode.swift; path = HeroHeaderUIView.swift; sourceTree = "<group>"; };
		524DC5D029A3E9530063F08F /* APICaller.swift */ = {isa = PBXFileReference; lastKnownFileType = sourcecode.swift; path = APICaller.swift; sourceTree = "<group>"; };
		524DC5D329A3E9700063F08F /* Constant.swift */ = {isa = PBXFileReference; lastKnownFileType = sourcecode.swift; path = Constant.swift; sourceTree = "<group>"; };
		524DC5D529A3ED5F0063F08F /* Title.swift */ = {isa = PBXFileReference; lastKnownFileType = sourcecode.swift; path = Title.swift; sourceTree = "<group>"; };
		524DC5D729A616520063F08F /* Extensions.swift */ = {isa = PBXFileReference; lastKnownFileType = sourcecode.swift; path = Extensions.swift; sourceTree = "<group>"; };
		524DC5DB29A629BA0063F08F /* TitleCollectionViewCell.swift */ = {isa = PBXFileReference; lastKnownFileType = sourcecode.swift; path = TitleCollectionViewCell.swift; sourceTree = "<group>"; };
		5288197129A19AF0006319E7 /* Netflix Clone.app */ = {isa = PBXFileReference; explicitFileType = wrapper.application; includeInIndex = 0; path = "Netflix Clone.app"; sourceTree = BUILT_PRODUCTS_DIR; };
		5288197429A19AF0006319E7 /* AppDelegate.swift */ = {isa = PBXFileReference; lastKnownFileType = sourcecode.swift; path = AppDelegate.swift; sourceTree = "<group>"; };
		5288197629A19AF0006319E7 /* SceneDelegate.swift */ = {isa = PBXFileReference; lastKnownFileType = sourcecode.swift; path = SceneDelegate.swift; sourceTree = "<group>"; };
		5288197829A19AF0006319E7 /* MainTapbarViewController.swift */ = {isa = PBXFileReference; lastKnownFileType = sourcecode.swift; path = MainTapbarViewController.swift; sourceTree = "<group>"; };
		5288197D29A19AF1006319E7 /* Assets.xcassets */ = {isa = PBXFileReference; lastKnownFileType = folder.assetcatalog; path = Assets.xcassets; sourceTree = "<group>"; };
		5288198029A19AF1006319E7 /* Base */ = {isa = PBXFileReference; lastKnownFileType = file.storyboard; name = Base; path = Base.lproj/LaunchScreen.storyboard; sourceTree = "<group>"; };
		5288198229A19AF1006319E7 /* Info.plist */ = {isa = PBXFileReference; lastKnownFileType = text.plist.xml; path = Info.plist; sourceTree = "<group>"; };
		5288198929A1A036006319E7 /* HomeViewController.swift */ = {isa = PBXFileReference; lastKnownFileType = sourcecode.swift; path = HomeViewController.swift; sourceTree = "<group>"; };
		5288198B29A1A058006319E7 /* UpcomingViewController.swift */ = {isa = PBXFileReference; lastKnownFileType = sourcecode.swift; path = UpcomingViewController.swift; sourceTree = "<group>"; };
		5288198D29A1A06E006319E7 /* SearchViewController.swift */ = {isa = PBXFileReference; lastKnownFileType = sourcecode.swift; path = SearchViewController.swift; sourceTree = "<group>"; };
		5288198F29A1A092006319E7 /* DownloadsViewController.swift */ = {isa = PBXFileReference; lastKnownFileType = sourcecode.swift; path = DownloadsViewController.swift; sourceTree = "<group>"; };
/* End PBXFileReference section */

/* Begin PBXFrameworksBuildPhase section */
		5288196E29A19AF0006319E7 /* Frameworks */ = {
			isa = PBXFrameworksBuildPhase;
			buildActionMask = 2147483647;
			files = (
				524DC5E129A62CA70063F08F /* SDWebImageMapKit in Frameworks */,
				524DC5DF29A62CA70063F08F /* SDWebImage in Frameworks */,
			);
			runOnlyForDeploymentPostprocessing = 0;
		};
/* End PBXFrameworksBuildPhase section */

/* Begin PBXGroup section */
		524DC59429A242360063F08F /* ViewModels */ = {
			isa = PBXGroup;
			children = (
			);
			path = ViewModels;
			sourceTree = "<group>";
		};
		524DC59529A2423C0063F08F /* Views */ = {
			isa = PBXGroup;
			children = (
				524DC59929A2432E0063F08F /* CollectionViewTableViewCell.swift */,
				524DC59B29A24D330063F08F /* HeroHeaderUIView.swift */,
				524DC5DB29A629BA0063F08F /* TitleCollectionViewCell.swift */,
			);
			path = Views;
			sourceTree = "<group>";
		};
		524DC59629A242400063F08F /* Models */ = {
			isa = PBXGroup;
			children = (
				524DC5D529A3ED5F0063F08F /* Title.swift */,
			);
			path = Models;
			sourceTree = "<group>";
		};
		524DC59729A2430C0063F08F /* Resources */ = {
			isa = PBXGroup;
			children = (
				524DC5D729A616520063F08F /* Extensions.swift */,
			);
			path = Resources;
			sourceTree = "<group>";
		};
		524DC59829A243100063F08F /* Managers */ = {
			isa = PBXGroup;
			children = (
				524DC5D029A3E9530063F08F /* APICaller.swift */,
			);
			path = Managers;
			sourceTree = "<group>";
		};
		524DC5D229A3E9670063F08F /* Constant */ = {
			isa = PBXGroup;
			children = (
				524DC5D329A3E9700063F08F /* Constant.swift */,
			);
			path = Constant;
			sourceTree = "<group>";
		};
		5288196829A19AF0006319E7 = {
			isa = PBXGroup;
			children = (
				5288197329A19AF0006319E7 /* Netflix Clone */,
				5288197229A19AF0006319E7 /* Products */,
			);
			sourceTree = "<group>";
		};
		5288197229A19AF0006319E7 /* Products */ = {
			isa = PBXGroup;
			children = (
				5288197129A19AF0006319E7 /* Netflix Clone.app */,
			);
			name = Products;
			sourceTree = "<group>";
		};
		5288197329A19AF0006319E7 /* Netflix Clone */ = {
			isa = PBXGroup;
			children = (
				524DC5D229A3E9670063F08F /* Constant */,
				524DC59829A243100063F08F /* Managers */,
				524DC59729A2430C0063F08F /* Resources */,
				524DC59629A242400063F08F /* Models */,
				524DC59529A2423C0063F08F /* Views */,
				524DC59429A242360063F08F /* ViewModels */,
				5288198829A1A018006319E7 /* Controllers */,
				5288197429A19AF0006319E7 /* AppDelegate.swift */,
				5288197629A19AF0006319E7 /* SceneDelegate.swift */,
				5288197829A19AF0006319E7 /* MainTapbarViewController.swift */,
				5288197D29A19AF1006319E7 /* Assets.xcassets */,
				5288197F29A19AF1006319E7 /* LaunchScreen.storyboard */,
				5288198229A19AF1006319E7 /* Info.plist */,
			);
			path = "Netflix Clone";
			sourceTree = "<group>";
		};
		5288198829A1A018006319E7 /* Controllers */ = {
			isa = PBXGroup;
			children = (
				5288198929A1A036006319E7 /* HomeViewController.swift */,
				5288198B29A1A058006319E7 /* UpcomingViewController.swift */,
				5288198D29A1A06E006319E7 /* SearchViewController.swift */,
				5288198F29A1A092006319E7 /* DownloadsViewController.swift */,
			);
			path = Controllers;
			sourceTree = "<group>";
		};
/* End PBXGroup section */

/* Begin PBXNativeTarget section */
		5288197029A19AF0006319E7 /* Netflix Clone */ = {
			isa = PBXNativeTarget;
			buildConfigurationList = 5288198529A19AF1006319E7 /* Build configuration list for PBXNativeTarget "Netflix Clone" */;
			buildPhases = (
				5288196D29A19AF0006319E7 /* Sources */,
				5288196E29A19AF0006319E7 /* Frameworks */,
				5288196F29A19AF0006319E7 /* Resources */,
			);
			buildRules = (
			);
			dependencies = (
			);
			name = "Netflix Clone";
			packageProductDependencies = (
				524DC5DE29A62CA70063F08F /* SDWebImage */,
				524DC5E029A62CA70063F08F /* SDWebImageMapKit */,
			);
			productName = "Netflix Clone";
			productReference = 5288197129A19AF0006319E7 /* Netflix Clone.app */;
			productType = "com.apple.product-type.application";
		};
/* End PBXNativeTarget section */

/* Begin PBXProject section */
		5288196929A19AF0006319E7 /* Project object */ = {
			isa = PBXProject;
			attributes = {
				BuildIndependentTargetsInParallel = 1;
				LastSwiftUpdateCheck = 1420;
				LastUpgradeCheck = 1420;
				TargetAttributes = {
					5288197029A19AF0006319E7 = {
						CreatedOnToolsVersion = 14.2;
					};
				};
			};
			buildConfigurationList = 5288196C29A19AF0006319E7 /* Build configuration list for PBXProject "Netflix Clone" */;
			compatibilityVersion = "Xcode 14.0";
			developmentRegion = en;
			hasScannedForEncodings = 0;
			knownRegions = (
				en,
				Base,
			);
			mainGroup = 5288196829A19AF0006319E7;
			packageReferences = (
				524DC5DD29A62CA70063F08F /* XCRemoteSwiftPackageReference "SDWebImage" */,
			);
			productRefGroup = 5288197229A19AF0006319E7 /* Products */;
			projectDirPath = "";
			projectRoot = "";
			targets = (
				5288197029A19AF0006319E7 /* Netflix Clone */,
			);
		};
/* End PBXProject section */

/* Begin PBXResourcesBuildPhase section */
		5288196F29A19AF0006319E7 /* Resources */ = {
			isa = PBXResourcesBuildPhase;
			buildActionMask = 2147483647;
			files = (
				5288198129A19AF1006319E7 /* LaunchScreen.storyboard in Resources */,
				5288197E29A19AF1006319E7 /* Assets.xcassets in Resources */,
			);
			runOnlyForDeploymentPostprocessing = 0;
		};
/* End PBXResourcesBuildPhase section */

/* Begin PBXSourcesBuildPhase section */
		5288196D29A19AF0006319E7 /* Sources */ = {
			isa = PBXSourcesBuildPhase;
			buildActionMask = 2147483647;
			files = (
				5288198E29A1A06E006319E7 /* SearchViewController.swift in Sources */,
				5288197929A19AF0006319E7 /* MainTapbarViewController.swift in Sources */,
				524DC5D629A3ED5F0063F08F /* Title.swift in Sources */,
				524DC59A29A2432E0063F08F /* CollectionViewTableViewCell.swift in Sources */,
				524DC5D129A3E9530063F08F /* APICaller.swift in Sources */,
				524DC59C29A24D330063F08F /* HeroHeaderUIView.swift in Sources */,
				5288199029A1A092006319E7 /* DownloadsViewController.swift in Sources */,
				524DC5DC29A629BA0063F08F /* TitleCollectionViewCell.swift in Sources */,
				5288197529A19AF0006319E7 /* AppDelegate.swift in Sources */,
				524DC5D829A616520063F08F /* Extensions.swift in Sources */,
				5288197729A19AF0006319E7 /* SceneDelegate.swift in Sources */,
				524DC5D429A3E9700063F08F /* Constant.swift in Sources */,
				5288198C29A1A058006319E7 /* UpcomingViewController.swift in Sources */,
				5288198A29A1A036006319E7 /* HomeViewController.swift in Sources */,
			);
			runOnlyForDeploymentPostprocessing = 0;
		};
/* End PBXSourcesBuildPhase section */

/* Begin PBXVariantGroup section */
		5288197F29A19AF1006319E7 /* LaunchScreen.storyboard */ = {
			isa = PBXVariantGroup;
			children = (
				5288198029A19AF1006319E7 /* Base */,
			);
			name = LaunchScreen.storyboard;
			sourceTree = "<group>";
		};
/* End PBXVariantGroup section */

/* Begin XCBuildConfiguration section */
		5288198329A19AF1006319E7 /* Debug */ = {
			isa = XCBuildConfiguration;
			buildSettings = {
				ALWAYS_SEARCH_USER_PATHS = NO;
				CLANG_ANALYZER_NONNULL = YES;
				CLANG_ANALYZER_NUMBER_OBJECT_CONVERSION = YES_AGGRESSIVE;
				CLANG_CXX_LANGUAGE_STANDARD = "gnu++20";
				CLANG_ENABLE_MODULES = YES;
				CLANG_ENABLE_OBJC_ARC = YES;
				CLANG_ENABLE_OBJC_WEAK = YES;
				CLANG_WARN_BLOCK_CAPTURE_AUTORELEASING = YES;
				CLANG_WARN_BOOL_CONVERSION = YES;
				CLANG_WARN_COMMA = YES;
				CLANG_WARN_CONSTANT_CONVERSION = YES;
				CLANG_WARN_DEPRECATED_OBJC_IMPLEMENTATIONS = YES;
				CLANG_WARN_DIRECT_OBJC_ISA_USAGE = YES_ERROR;
				CLANG_WARN_DOCUMENTATION_COMMENTS = YES;
				CLANG_WARN_EMPTY_BODY = YES;
				CLANG_WARN_ENUM_CONVERSION = YES;
				CLANG_WARN_INFINITE_RECURSION = YES;
				CLANG_WARN_INT_CONVERSION = YES;
				CLANG_WARN_NON_LITERAL_NULL_CONVERSION = YES;
				CLANG_WARN_OBJC_IMPLICIT_RETAIN_SELF = YES;
				CLANG_WARN_OBJC_LITERAL_CONVERSION = YES;
				CLANG_WARN_OBJC_ROOT_CLASS = YES_ERROR;
				CLANG_WARN_QUOTED_INCLUDE_IN_FRAMEWORK_HEADER = YES;
				CLANG_WARN_RANGE_LOOP_ANALYSIS = YES;
				CLANG_WARN_STRICT_PROTOTYPES = YES;
				CLANG_WARN_SUSPICIOUS_MOVE = YES;
				CLANG_WARN_UNGUARDED_AVAILABILITY = YES_AGGRESSIVE;
				CLANG_WARN_UNREACHABLE_CODE = YES;
				CLANG_WARN__DUPLICATE_METHOD_MATCH = YES;
				COPY_PHASE_STRIP = NO;
				DEBUG_INFORMATION_FORMAT = dwarf;
				ENABLE_STRICT_OBJC_MSGSEND = YES;
				ENABLE_TESTABILITY = YES;
				GCC_C_LANGUAGE_STANDARD = gnu11;
				GCC_DYNAMIC_NO_PIC = NO;
				GCC_NO_COMMON_BLOCKS = YES;
				GCC_OPTIMIZATION_LEVEL = 0;
				GCC_PREPROCESSOR_DEFINITIONS = (
					"DEBUG=1",
					"$(inherited)",
				);
				GCC_WARN_64_TO_32_BIT_CONVERSION = YES;
				GCC_WARN_ABOUT_RETURN_TYPE = YES_ERROR;
				GCC_WARN_UNDECLARED_SELECTOR = YES;
				GCC_WARN_UNINITIALIZED_AUTOS = YES_AGGRESSIVE;
				GCC_WARN_UNUSED_FUNCTION = YES;
				GCC_WARN_UNUSED_VARIABLE = YES;
				IPHONEOS_DEPLOYMENT_TARGET = 16.2;
				MTL_ENABLE_DEBUG_INFO = INCLUDE_SOURCE;
				MTL_FAST_MATH = YES;
				ONLY_ACTIVE_ARCH = YES;
				SDKROOT = iphoneos;
				SWIFT_ACTIVE_COMPILATION_CONDITIONS = DEBUG;
				SWIFT_OPTIMIZATION_LEVEL = "-Onone";
			};
			name = Debug;
		};
		5288198429A19AF1006319E7 /* Release */ = {
			isa = XCBuildConfiguration;
			buildSettings = {
				ALWAYS_SEARCH_USER_PATHS = NO;
				CLANG_ANALYZER_NONNULL = YES;
				CLANG_ANALYZER_NUMBER_OBJECT_CONVERSION = YES_AGGRESSIVE;
				CLANG_CXX_LANGUAGE_STANDARD = "gnu++20";
				CLANG_ENABLE_MODULES = YES;
				CLANG_ENABLE_OBJC_ARC = YES;
				CLANG_ENABLE_OBJC_WEAK = YES;
				CLANG_WARN_BLOCK_CAPTURE_AUTORELEASING = YES;
				CLANG_WARN_BOOL_CONVERSION = YES;
				CLANG_WARN_COMMA = YES;
				CLANG_WARN_CONSTANT_CONVERSION = YES;
				CLANG_WARN_DEPRECATED_OBJC_IMPLEMENTATIONS = YES;
				CLANG_WARN_DIRECT_OBJC_ISA_USAGE = YES_ERROR;
				CLANG_WARN_DOCUMENTATION_COMMENTS = YES;
				CLANG_WARN_EMPTY_BODY = YES;
				CLANG_WARN_ENUM_CONVERSION = YES;
				CLANG_WARN_INFINITE_RECURSION = YES;
				CLANG_WARN_INT_CONVERSION = YES;
				CLANG_WARN_NON_LITERAL_NULL_CONVERSION = YES;
				CLANG_WARN_OBJC_IMPLICIT_RETAIN_SELF = YES;
				CLANG_WARN_OBJC_LITERAL_CONVERSION = YES;
				CLANG_WARN_OBJC_ROOT_CLASS = YES_ERROR;
				CLANG_WARN_QUOTED_INCLUDE_IN_FRAMEWORK_HEADER = YES;
				CLANG_WARN_RANGE_LOOP_ANALYSIS = YES;
				CLANG_WARN_STRICT_PROTOTYPES = YES;
				CLANG_WARN_SUSPICIOUS_MOVE = YES;
				CLANG_WARN_UNGUARDED_AVAILABILITY = YES_AGGRESSIVE;
				CLANG_WARN_UNREACHABLE_CODE = YES;
				CLANG_WARN__DUPLICATE_METHOD_MATCH = YES;
				COPY_PHASE_STRIP = NO;
				DEBUG_INFORMATION_FORMAT = "dwarf-with-dsym";
				ENABLE_NS_ASSERTIONS = NO;
				ENABLE_STRICT_OBJC_MSGSEND = YES;
				GCC_C_LANGUAGE_STANDARD = gnu11;
				GCC_NO_COMMON_BLOCKS = YES;
				GCC_WARN_64_TO_32_BIT_CONVERSION = YES;
				GCC_WARN_ABOUT_RETURN_TYPE = YES_ERROR;
				GCC_WARN_UNDECLARED_SELECTOR = YES;
				GCC_WARN_UNINITIALIZED_AUTOS = YES_AGGRESSIVE;
				GCC_WARN_UNUSED_FUNCTION = YES;
				GCC_WARN_UNUSED_VARIABLE = YES;
				IPHONEOS_DEPLOYMENT_TARGET = 16.2;
				MTL_ENABLE_DEBUG_INFO = NO;
				MTL_FAST_MATH = YES;
				SDKROOT = iphoneos;
				SWIFT_COMPILATION_MODE = wholemodule;
				SWIFT_OPTIMIZATION_LEVEL = "-O";
				VALIDATE_PRODUCT = YES;
			};
			name = Release;
		};
		5288198629A19AF1006319E7 /* Debug */ = {
			isa = XCBuildConfiguration;
			buildSettings = {
				ASSETCATALOG_COMPILER_APPICON_NAME = AppIcon;
				ASSETCATALOG_COMPILER_GLOBAL_ACCENT_COLOR_NAME = AccentColor;
				CODE_SIGN_STYLE = Automatic;
				CURRENT_PROJECT_VERSION = 1;
				DEVELOPMENT_TEAM = M84T2Z2B4Q;
				GENERATE_INFOPLIST_FILE = YES;
				INFOPLIST_FILE = "Netflix Clone/Info.plist";
				INFOPLIST_KEY_UIApplicationSupportsIndirectInputEvents = YES;
				INFOPLIST_KEY_UILaunchStoryboardName = LaunchScreen;
				INFOPLIST_KEY_UISupportedInterfaceOrientations_iPad = "UIInterfaceOrientationPortrait UIInterfaceOrientationPortraitUpsideDown UIInterfaceOrientationLandscapeLeft UIInterfaceOrientationLandscapeRight";
				INFOPLIST_KEY_UISupportedInterfaceOrientations_iPhone = "UIInterfaceOrientationPortrait UIInterfaceOrientationLandscapeLeft UIInterfaceOrientationLandscapeRight";
				LD_RUNPATH_SEARCH_PATHS = (
					"$(inherited)",
					"@executable_path/Frameworks",
				);
				MARKETING_VERSION = 1.0;
				PRODUCT_BUNDLE_IDENTIFIER = "com.omernayir.Netflix-Clone";
				PRODUCT_NAME = "$(TARGET_NAME)";
				SWIFT_EMIT_LOC_STRINGS = YES;
				SWIFT_VERSION = 5.0;
				TARGETED_DEVICE_FAMILY = "1,2";
			};
			name = Debug;
		};
		5288198729A19AF1006319E7 /* Release */ = {
			isa = XCBuildConfiguration;
			buildSettings = {
				ASSETCATALOG_COMPILER_APPICON_NAME = AppIcon;
				ASSETCATALOG_COMPILER_GLOBAL_ACCENT_COLOR_NAME = AccentColor;
				CODE_SIGN_STYLE = Automatic;
				CURRENT_PROJECT_VERSION = 1;
				DEVELOPMENT_TEAM = M84T2Z2B4Q;
				GENERATE_INFOPLIST_FILE = YES;
				INFOPLIST_FILE = "Netflix Clone/Info.plist";
				INFOPLIST_KEY_UIApplicationSupportsIndirectInputEvents = YES;
				INFOPLIST_KEY_UILaunchStoryboardName = LaunchScreen;
				INFOPLIST_KEY_UISupportedInterfaceOrientations_iPad = "UIInterfaceOrientationPortrait UIInterfaceOrientationPortraitUpsideDown UIInterfaceOrientationLandscapeLeft UIInterfaceOrientationLandscapeRight";
				INFOPLIST_KEY_UISupportedInterfaceOrientations_iPhone = "UIInterfaceOrientationPortrait UIInterfaceOrientationLandscapeLeft UIInterfaceOrientationLandscapeRight";
				LD_RUNPATH_SEARCH_PATHS = (
					"$(inherited)",
					"@executable_path/Frameworks",
				);
				MARKETING_VERSION = 1.0;
				PRODUCT_BUNDLE_IDENTIFIER = "com.omernayir.Netflix-Clone";
				PRODUCT_NAME = "$(TARGET_NAME)";
				SWIFT_EMIT_LOC_STRINGS = YES;
				SWIFT_VERSION = 5.0;
				TARGETED_DEVICE_FAMILY = "1,2";
			};
			name = Release;
		};
/* End XCBuildConfiguration section */

/* Begin XCConfigurationList section */
		5288196C29A19AF0006319E7 /* Build configuration list for PBXProject "Netflix Clone" */ = {
			isa = XCConfigurationList;
			buildConfigurations = (
				5288198329A19AF1006319E7 /* Debug */,
				5288198429A19AF1006319E7 /* Release */,
			);
			defaultConfigurationIsVisible = 0;
			defaultConfigurationName = Release;
		};
		5288198529A19AF1006319E7 /* Build configuration list for PBXNativeTarget "Netflix Clone" */ = {
			isa = XCConfigurationList;
			buildConfigurations = (
				5288198629A19AF1006319E7 /* Debug */,
				5288198729A19AF1006319E7 /* Release */,
			);
			defaultConfigurationIsVisible = 0;
			defaultConfigurationName = Release;
		};
/* End XCConfigurationList section */

/* Begin XCRemoteSwiftPackageReference section */
		524DC5DD29A62CA70063F08F /* XCRemoteSwiftPackageReference "SDWebImage" */ = {
			isa = XCRemoteSwiftPackageReference;
			repositoryURL = "https://github.com/SDWebImage/SDWebImage.git";
			requirement = {
				kind = upToNextMajorVersion;
				minimumVersion = 5.0.0;
			};
		};
/* End XCRemoteSwiftPackageReference section */

/* Begin XCSwiftPackageProductDependency section */
		524DC5DE29A62CA70063F08F /* SDWebImage */ = {
			isa = XCSwiftPackageProductDependency;
			package = 524DC5DD29A62CA70063F08F /* XCRemoteSwiftPackageReference "SDWebImage" */;
			productName = SDWebImage;
		};
		524DC5E029A62CA70063F08F /* SDWebImageMapKit */ = {
			isa = XCSwiftPackageProductDependency;
			package = 524DC5DD29A62CA70063F08F /* XCRemoteSwiftPackageReference "SDWebImage" */;
			productName = SDWebImageMapKit;
		};
/* End XCSwiftPackageProductDependency section */
	};
	rootObject = 5288196929A19AF0006319E7 /* Project object */;
}
